// !$*UTF8*$!
{
	archiveVersion = 1;
	classes = {
	};
	objectVersion = 46;
	objects = {

/* Begin PBXBuildFile section */
		3C0C0AE11ED2C4FC000DAC09 /* YFShopItem.swift in Sources */ = {isa = PBXBuildFile; fileRef = 3C0C0AE01ED2C4FC000DAC09 /* YFShopItem.swift */; };
		3C0C0AE31ED2CEE6000DAC09 /* YFShopHeaderView.swift in Sources */ = {isa = PBXBuildFile; fileRef = 3C0C0AE21ED2CEE6000DAC09 /* YFShopHeaderView.swift */; };
		3C0C0AE51ED2CEFD000DAC09 /* YFShopHeaderView.xib in Resources */ = {isa = PBXBuildFile; fileRef = 3C0C0AE41ED2CEFD000DAC09 /* YFShopHeaderView.xib */; };
		3C0C0AE81ED2D966000DAC09 /* YFShopClassifyCell.swift in Sources */ = {isa = PBXBuildFile; fileRef = 3C0C0AE61ED2D966000DAC09 /* YFShopClassifyCell.swift */; };
		3C0C0AE91ED2D966000DAC09 /* YFShopClassifyCell.xib in Resources */ = {isa = PBXBuildFile; fileRef = 3C0C0AE71ED2D966000DAC09 /* YFShopClassifyCell.xib */; };
		3C0C0AEC1ED2E823000DAC09 /* YFShopCell.swift in Sources */ = {isa = PBXBuildFile; fileRef = 3C0C0AEA1ED2E823000DAC09 /* YFShopCell.swift */; };
		3C0C0AED1ED2E823000DAC09 /* YFShopCell.xib in Resources */ = {isa = PBXBuildFile; fileRef = 3C0C0AEB1ED2E823000DAC09 /* YFShopCell.xib */; };
		3C0C0AF01ED3C1E4000DAC09 /* YFChannerCell.swift in Sources */ = {isa = PBXBuildFile; fileRef = 3C0C0AEE1ED3C1E4000DAC09 /* YFChannerCell.swift */; };
		3C0C0AF11ED3C1E4000DAC09 /* YFChannerCell.xib in Resources */ = {isa = PBXBuildFile; fileRef = 3C0C0AEF1ED3C1E4000DAC09 /* YFChannerCell.xib */; };
		3C0C0AF41ED3D5A1000DAC09 /* UIScrollView+HeaderScaleImage.m in Sources */ = {isa = PBXBuildFile; fileRef = 3C0C0AF31ED3D5A1000DAC09 /* UIScrollView+HeaderScaleImage.m */; };
		3C0C0AFC1ED40FB3000DAC09 /* YFProfileViewController.swift in Sources */ = {isa = PBXBuildFile; fileRef = 3C0C0AFB1ED40FB3000DAC09 /* YFProfileViewController.swift */; };
		3C0C0B4E1ED52A11000DAC09 /* YFOrderCell.swift in Sources */ = {isa = PBXBuildFile; fileRef = 3C0C0B4C1ED52A11000DAC09 /* YFOrderCell.swift */; };
		3C0C0B4F1ED52A11000DAC09 /* YFOrderCell.xib in Resources */ = {isa = PBXBuildFile; fileRef = 3C0C0B4D1ED52A11000DAC09 /* YFOrderCell.xib */; };
		3C0C0B521ED52A22000DAC09 /* YFCountCell.swift in Sources */ = {isa = PBXBuildFile; fileRef = 3C0C0B501ED52A22000DAC09 /* YFCountCell.swift */; };
		3C0C0B531ED52A22000DAC09 /* YFCountCell.xib in Resources */ = {isa = PBXBuildFile; fileRef = 3C0C0B511ED52A22000DAC09 /* YFCountCell.xib */; };
		3C0C0B551ED55957000DAC09 /* YFOrderHeaderView.swift in Sources */ = {isa = PBXBuildFile; fileRef = 3C0C0B541ED55957000DAC09 /* YFOrderHeaderView.swift */; };
		3C0C0B571ED5596A000DAC09 /* YFCountHeaderView.swift in Sources */ = {isa = PBXBuildFile; fileRef = 3C0C0B561ED5596A000DAC09 /* YFCountHeaderView.swift */; };
		3C0C0B591ED5597F000DAC09 /* YFOrderHeaderView.xib in Resources */ = {isa = PBXBuildFile; fileRef = 3C0C0B581ED5597F000DAC09 /* YFOrderHeaderView.xib */; };
		3C0C0B5B1ED55988000DAC09 /* YFCountHeaderView.xib in Resources */ = {isa = PBXBuildFile; fileRef = 3C0C0B5A1ED55988000DAC09 /* YFCountHeaderView.xib */; };
		3C31F8981EC1CAA100FDAD11 /* YFHomeItem.swift in Sources */ = {isa = PBXBuildFile; fileRef = 3C31F8971EC1CAA100FDAD11 /* YFHomeItem.swift */; };
		3C31F89A1EC29CF100FDAD11 /* YFConst.swift in Sources */ = {isa = PBXBuildFile; fileRef = 3C31F8991EC29CF100FDAD11 /* YFConst.swift */; };
		3C31F89C1EC29E6400FDAD11 /* Size.swift in Sources */ = {isa = PBXBuildFile; fileRef = 3C31F89B1EC29E6400FDAD11 /* Size.swift */; };
		3C31F89F1EC2F97000FDAD11 /* YFNavigationController.swift in Sources */ = {isa = PBXBuildFile; fileRef = 3C31F89E1EC2F97000FDAD11 /* YFNavigationController.swift */; };
		3C31F8A11EC2F97F00FDAD11 /* YFTabBarViewController.swift in Sources */ = {isa = PBXBuildFile; fileRef = 3C31F8A01EC2F97F00FDAD11 /* YFTabBarViewController.swift */; };
		3C31F8A31EC2F9C700FDAD11 /* YFHomeViewController.swift in Sources */ = {isa = PBXBuildFile; fileRef = 3C31F8A21EC2F9C700FDAD11 /* YFHomeViewController.swift */; };
		3C31F8A51EC2F9D600FDAD11 /* YFSubjectViewController.swift in Sources */ = {isa = PBXBuildFile; fileRef = 3C31F8A41EC2F9D600FDAD11 /* YFSubjectViewController.swift */; };
		3C31F8A71EC2F9E100FDAD11 /* YFShopViewController.swift in Sources */ = {isa = PBXBuildFile; fileRef = 3C31F8A61EC2F9E100FDAD11 /* YFShopViewController.swift */; };
		3C31F8A91EC2F9F100FDAD11 /* YFBasketViewController.swift in Sources */ = {isa = PBXBuildFile; fileRef = 3C31F8A81EC2F9F100FDAD11 /* YFBasketViewController.swift */; };
		3C31F8AD1EC3F3FE00FDAD11 /* UIImage+Color.swift in Sources */ = {isa = PBXBuildFile; fileRef = 3C31F8AC1EC3F3FE00FDAD11 /* UIImage+Color.swift */; };
		3C31F8B01EC430D800FDAD11 /* YFHomeTypeOneCell.swift in Sources */ = {isa = PBXBuildFile; fileRef = 3C31F8AE1EC430D800FDAD11 /* YFHomeTypeOneCell.swift */; };
		3C31F8B11EC430D800FDAD11 /* YFHomeTypeOneCell.xib in Resources */ = {isa = PBXBuildFile; fileRef = 3C31F8AF1EC430D800FDAD11 /* YFHomeTypeOneCell.xib */; };
		3C31F8BC1EC4311D00FDAD11 /* YFItemCollectionCell.swift in Sources */ = {isa = PBXBuildFile; fileRef = 3C31F8BA1EC4311D00FDAD11 /* YFItemCollectionCell.swift */; };
		3C31F8BD1EC4311D00FDAD11 /* YFItemCollectionCell.xib in Resources */ = {isa = PBXBuildFile; fileRef = 3C31F8BB1EC4311D00FDAD11 /* YFItemCollectionCell.xib */; };
		3C31F8BF1EC4313500FDAD11 /* YFHomeHeaderView.swift in Sources */ = {isa = PBXBuildFile; fileRef = 3C31F8BE1EC4313500FDAD11 /* YFHomeHeaderView.swift */; };
		3C31F8C71EC4470A00FDAD11 /* YFHomeHeaderView.xib in Resources */ = {isa = PBXBuildFile; fileRef = 3C31F8C61EC4470A00FDAD11 /* YFHomeHeaderView.xib */; };
		3C31F8CE1EC44CC600FDAD11 /* YFHomeTypeTwoCell.swift in Sources */ = {isa = PBXBuildFile; fileRef = 3C31F8CC1EC44CC600FDAD11 /* YFHomeTypeTwoCell.swift */; };
		3C31F8CF1EC44CC600FDAD11 /* YFHomeTypeTwoCell.xib in Resources */ = {isa = PBXBuildFile; fileRef = 3C31F8CD1EC44CC600FDAD11 /* YFHomeTypeTwoCell.xib */; };
		3C31F8D21EC44CE100FDAD11 /* YFHomeTypeThreeCell.swift in Sources */ = {isa = PBXBuildFile; fileRef = 3C31F8D01EC44CE100FDAD11 /* YFHomeTypeThreeCell.swift */; };
		3C31F8D31EC44CE100FDAD11 /* YFHomeTypeThreeCell.xib in Resources */ = {isa = PBXBuildFile; fileRef = 3C31F8D11EC44CE100FDAD11 /* YFHomeTypeThreeCell.xib */; };
		3C31F8D51EC45B2300FDAD11 /* YFHomeButton.swift in Sources */ = {isa = PBXBuildFile; fileRef = 3C31F8D41EC45B2300FDAD11 /* YFHomeButton.swift */; };
		3C31F8D81EC58A6B00FDAD11 /* YFAdvetiseViewController.swift in Sources */ = {isa = PBXBuildFile; fileRef = 3C31F8D61EC58A6B00FDAD11 /* YFAdvetiseViewController.swift */; };
		3C31F8D91EC58A6B00FDAD11 /* YFAdvetiseViewController.xib in Resources */ = {isa = PBXBuildFile; fileRef = 3C31F8D71EC58A6B00FDAD11 /* YFAdvetiseViewController.xib */; };
		3C31F8DB1EC59BCF00FDAD11 /* YFSpecialGoodsItem.swift in Sources */ = {isa = PBXBuildFile; fileRef = 3C31F8DA1EC59BCF00FDAD11 /* YFSpecialGoodsItem.swift */; };
		3CC5820F1EC1A47500B5A176 /* AppDelegate.swift in Sources */ = {isa = PBXBuildFile; fileRef = 3CC5820E1EC1A47500B5A176 /* AppDelegate.swift */; };
		3CC582111EC1A47500B5A176 /* ViewController.swift in Sources */ = {isa = PBXBuildFile; fileRef = 3CC582101EC1A47500B5A176 /* ViewController.swift */; };
		3CC582141EC1A47500B5A176 /* Main.storyboard in Resources */ = {isa = PBXBuildFile; fileRef = 3CC582121EC1A47500B5A176 /* Main.storyboard */; };
		3CC582161EC1A47500B5A176 /* Assets.xcassets in Resources */ = {isa = PBXBuildFile; fileRef = 3CC582151EC1A47500B5A176 /* Assets.xcassets */; };
		3CC582191EC1A47500B5A176 /* LaunchScreen.storyboard in Resources */ = {isa = PBXBuildFile; fileRef = 3CC582171EC1A47500B5A176 /* LaunchScreen.storyboard */; };
		3CC582241EC1A47500B5A176 /* YueShiJiaTests.swift in Sources */ = {isa = PBXBuildFile; fileRef = 3CC582231EC1A47500B5A176 /* YueShiJiaTests.swift */; };
		3CC5822F1EC1A47500B5A176 /* YueShiJiaUITests.swift in Sources */ = {isa = PBXBuildFile; fileRef = 3CC5822E1EC1A47500B5A176 /* YueShiJiaUITests.swift */; };
		3CC582561EC1A92600B5A176 /* YFHttpRequest.swift in Sources */ = {isa = PBXBuildFile; fileRef = 3CC582551EC1A92600B5A176 /* YFHttpRequest.swift */; };
		3CFB8E201EC999ED00DA3344 /* YFSpecailGoodsCell.swift in Sources */ = {isa = PBXBuildFile; fileRef = 3CFB8E1E1EC999ED00DA3344 /* YFSpecailGoodsCell.swift */; };
		3CFB8E211EC999ED00DA3344 /* YFSpecailGoodsCell.xib in Resources */ = {isa = PBXBuildFile; fileRef = 3CFB8E1F1EC999ED00DA3344 /* YFSpecailGoodsCell.xib */; };
		3CFB8E231ECAAD4A00DA3344 /* YFSpecialGoodsHeaderView.swift in Sources */ = {isa = PBXBuildFile; fileRef = 3CFB8E221ECAAD4A00DA3344 /* YFSpecialGoodsHeaderView.swift */; };
		3CFB8E251ECAAD5600DA3344 /* YFSpecialGoodsHeaderView.xib in Resources */ = {isa = PBXBuildFile; fileRef = 3CFB8E241ECAAD5600DA3344 /* YFSpecialGoodsHeaderView.xib */; };
		3CFB8E271ECAD62100DA3344 /* UINavigationBarExtension.swift in Sources */ = {isa = PBXBuildFile; fileRef = 3CFB8E261ECAD62100DA3344 /* UINavigationBarExtension.swift */; };
		3CFB8E291ECAD69500DA3344 /* YFSpecialGoodsViewController.swift in Sources */ = {isa = PBXBuildFile; fileRef = 3CFB8E281ECAD69500DA3344 /* YFSpecialGoodsViewController.swift */; };
		3CFB8E671ECB02A600DA3344 /* UIButtonExtension.swift in Sources */ = {isa = PBXBuildFile; fileRef = 3CFB8E661ECB02A600DA3344 /* UIButtonExtension.swift */; };
		3CFB8E691ECBF0E800DA3344 /* YFRefreshHeader.swift in Sources */ = {isa = PBXBuildFile; fileRef = 3CFB8E681ECBF0E800DA3344 /* YFRefreshHeader.swift */; };
		3CFB8E6D1ECC1CFA00DA3344 /* YFSubjectHeaderView.swift in Sources */ = {isa = PBXBuildFile; fileRef = 3CFB8E6C1ECC1CFA00DA3344 /* YFSubjectHeaderView.swift */; };
		3CFB8E6F1ECC261700DA3344 /* YFSubViewController.swift in Sources */ = {isa = PBXBuildFile; fileRef = 3CFB8E6E1ECC261700DA3344 /* YFSubViewController.swift */; };
		3CFB8E721ECC302300DA3344 /* YFVideoCell.swift in Sources */ = {isa = PBXBuildFile; fileRef = 3CFB8E701ECC302300DA3344 /* YFVideoCell.swift */; };
		3CFB8E731ECC302300DA3344 /* YFVideoCell.xib in Resources */ = {isa = PBXBuildFile; fileRef = 3CFB8E711ECC302300DA3344 /* YFVideoCell.xib */; };
		3CFB8E761ECC304600DA3344 /* YFListCell.swift in Sources */ = {isa = PBXBuildFile; fileRef = 3CFB8E741ECC304600DA3344 /* YFListCell.swift */; };
		3CFB8E771ECC304600DA3344 /* YFListCell.xib in Resources */ = {isa = PBXBuildFile; fileRef = 3CFB8E751ECC304600DA3344 /* YFListCell.xib */; };
		3CFB8E7A1ECC305B00DA3344 /* YFMapCell.swift in Sources */ = {isa = PBXBuildFile; fileRef = 3CFB8E781ECC305B00DA3344 /* YFMapCell.swift */; };
		3CFB8E7B1ECC305B00DA3344 /* YFMapCell.xib in Resources */ = {isa = PBXBuildFile; fileRef = 3CFB8E791ECC305B00DA3344 /* YFMapCell.xib */; };
		3CFB8E7E1ECC307100DA3344 /* YFKnowledgeCell.swift in Sources */ = {isa = PBXBuildFile; fileRef = 3CFB8E7C1ECC307100DA3344 /* YFKnowledgeCell.swift */; };
		3CFB8E7F1ECC307100DA3344 /* YFKnowledgeCell.xib in Resources */ = {isa = PBXBuildFile; fileRef = 3CFB8E7D1ECC307100DA3344 /* YFKnowledgeCell.xib */; };
		3CFB8E821ECC308B00DA3344 /* YFHumanismCell.swift in Sources */ = {isa = PBXBuildFile; fileRef = 3CFB8E801ECC308B00DA3344 /* YFHumanismCell.swift */; };
		3CFB8E831ECC308B00DA3344 /* YFHumanismCell.xib in Resources */ = {isa = PBXBuildFile; fileRef = 3CFB8E811ECC308B00DA3344 /* YFHumanismCell.xib */; };
		3CFB8E861ECC30B000DA3344 /* YFActiveCell.swift in Sources */ = {isa = PBXBuildFile; fileRef = 3CFB8E841ECC30B000DA3344 /* YFActiveCell.swift */; };
		3CFB8E871ECC30B000DA3344 /* YFActiveCell.xib in Resources */ = {isa = PBXBuildFile; fileRef = 3CFB8E851ECC30B000DA3344 /* YFActiveCell.xib */; };
		3CFB8E891ECC328300DA3344 /* YFSubjectItem.swift in Sources */ = {isa = PBXBuildFile; fileRef = 3CFB8E881ECC328300DA3344 /* YFSubjectItem.swift */; };
		3CFB8E8B1ECD96E200DA3344 /* YFActiveItem.swift in Sources */ = {isa = PBXBuildFile; fileRef = 3CFB8E8A1ECD96E200DA3344 /* YFActiveItem.swift */; };
		8CEDB485F8E3103D241B12EC /* Pods_YueShiJiaUITests.framework in Frameworks */ = {isa = PBXBuildFile; fileRef = B78DCA750933704DDB46B5C8 /* Pods_YueShiJiaUITests.framework */; };
		C385B8AD09F2E0E62ED14A2A /* Pods_YueShiJiaTests.framework in Frameworks */ = {isa = PBXBuildFile; fileRef = A4E3BBDAB92B5EBB25305EED /* Pods_YueShiJiaTests.framework */; };
		D16447A433731537E3D7C45F /* Pods_YueShiJia.framework in Frameworks */ = {isa = PBXBuildFile; fileRef = 110A0B2D1D08D9E8DF28A8D4 /* Pods_YueShiJia.framework */; };
/* End PBXBuildFile section */

/* Begin PBXContainerItemProxy section */
		3CC582201EC1A47500B5A176 /* PBXContainerItemProxy */ = {
			isa = PBXContainerItemProxy;
			containerPortal = 3CC582031EC1A47500B5A176 /* Project object */;
			proxyType = 1;
			remoteGlobalIDString = 3CC5820A1EC1A47500B5A176;
			remoteInfo = YueShiJia;
		};
		3CC5822B1EC1A47500B5A176 /* PBXContainerItemProxy */ = {
			isa = PBXContainerItemProxy;
			containerPortal = 3CC582031EC1A47500B5A176 /* Project object */;
			proxyType = 1;
			remoteGlobalIDString = 3CC5820A1EC1A47500B5A176;
			remoteInfo = YueShiJia;
		};
/* End PBXContainerItemProxy section */

/* Begin PBXFileReference section */
		0F3462DE2C1C845C9C09E524 /* Pods-YueShiJiaUITests.debug.xcconfig */ = {isa = PBXFileReference; includeInIndex = 1; lastKnownFileType = text.xcconfig; name = "Pods-YueShiJiaUITests.debug.xcconfig"; path = "Pods/Target Support Files/Pods-YueShiJiaUITests/Pods-YueShiJiaUITests.debug.xcconfig"; sourceTree = "<group>"; };
		110A0B2D1D08D9E8DF28A8D4 /* Pods_YueShiJia.framework */ = {isa = PBXFileReference; explicitFileType = wrapper.framework; includeInIndex = 0; path = Pods_YueShiJia.framework; sourceTree = BUILT_PRODUCTS_DIR; };
		3C0C0AE01ED2C4FC000DAC09 /* YFShopItem.swift */ = {isa = PBXFileReference; fileEncoding = 4; lastKnownFileType = sourcecode.swift; path = YFShopItem.swift; sourceTree = "<group>"; };
		3C0C0AE21ED2CEE6000DAC09 /* YFShopHeaderView.swift */ = {isa = PBXFileReference; fileEncoding = 4; lastKnownFileType = sourcecode.swift; path = YFShopHeaderView.swift; sourceTree = "<group>"; };
		3C0C0AE41ED2CEFD000DAC09 /* YFShopHeaderView.xib */ = {isa = PBXFileReference; fileEncoding = 4; lastKnownFileType = file.xib; path = YFShopHeaderView.xib; sourceTree = "<group>"; };
		3C0C0AE61ED2D966000DAC09 /* YFShopClassifyCell.swift */ = {isa = PBXFileReference; fileEncoding = 4; lastKnownFileType = sourcecode.swift; path = YFShopClassifyCell.swift; sourceTree = "<group>"; };
		3C0C0AE71ED2D966000DAC09 /* YFShopClassifyCell.xib */ = {isa = PBXFileReference; fileEncoding = 4; lastKnownFileType = file.xib; path = YFShopClassifyCell.xib; sourceTree = "<group>"; };
		3C0C0AEA1ED2E823000DAC09 /* YFShopCell.swift */ = {isa = PBXFileReference; fileEncoding = 4; lastKnownFileType = sourcecode.swift; path = YFShopCell.swift; sourceTree = "<group>"; };
		3C0C0AEB1ED2E823000DAC09 /* YFShopCell.xib */ = {isa = PBXFileReference; fileEncoding = 4; lastKnownFileType = file.xib; path = YFShopCell.xib; sourceTree = "<group>"; };
		3C0C0AEE1ED3C1E4000DAC09 /* YFChannerCell.swift */ = {isa = PBXFileReference; fileEncoding = 4; lastKnownFileType = sourcecode.swift; path = YFChannerCell.swift; sourceTree = "<group>"; };
		3C0C0AEF1ED3C1E4000DAC09 /* YFChannerCell.xib */ = {isa = PBXFileReference; fileEncoding = 4; lastKnownFileType = file.xib; path = YFChannerCell.xib; sourceTree = "<group>"; };
		3C0C0AF21ED3D5A1000DAC09 /* UIScrollView+HeaderScaleImage.h */ = {isa = PBXFileReference; fileEncoding = 4; lastKnownFileType = sourcecode.c.h; path = "UIScrollView+HeaderScaleImage.h"; sourceTree = "<group>"; };
		3C0C0AF31ED3D5A1000DAC09 /* UIScrollView+HeaderScaleImage.m */ = {isa = PBXFileReference; fileEncoding = 4; lastKnownFileType = sourcecode.c.objc; path = "UIScrollView+HeaderScaleImage.m"; sourceTree = "<group>"; };
		3C0C0AFB1ED40FB3000DAC09 /* YFProfileViewController.swift */ = {isa = PBXFileReference; fileEncoding = 4; lastKnownFileType = sourcecode.swift; path = YFProfileViewController.swift; sourceTree = "<group>"; };
		3C0C0B4C1ED52A11000DAC09 /* YFOrderCell.swift */ = {isa = PBXFileReference; fileEncoding = 4; lastKnownFileType = sourcecode.swift; path = YFOrderCell.swift; sourceTree = "<group>"; };
		3C0C0B4D1ED52A11000DAC09 /* YFOrderCell.xib */ = {isa = PBXFileReference; fileEncoding = 4; lastKnownFileType = file.xib; path = YFOrderCell.xib; sourceTree = "<group>"; };
		3C0C0B501ED52A22000DAC09 /* YFCountCell.swift */ = {isa = PBXFileReference; fileEncoding = 4; lastKnownFileType = sourcecode.swift; path = YFCountCell.swift; sourceTree = "<group>"; };
		3C0C0B511ED52A22000DAC09 /* YFCountCell.xib */ = {isa = PBXFileReference; fileEncoding = 4; lastKnownFileType = file.xib; path = YFCountCell.xib; sourceTree = "<group>"; };
		3C0C0B541ED55957000DAC09 /* YFOrderHeaderView.swift */ = {isa = PBXFileReference; fileEncoding = 4; lastKnownFileType = sourcecode.swift; path = YFOrderHeaderView.swift; sourceTree = "<group>"; };
		3C0C0B561ED5596A000DAC09 /* YFCountHeaderView.swift */ = {isa = PBXFileReference; fileEncoding = 4; lastKnownFileType = sourcecode.swift; path = YFCountHeaderView.swift; sourceTree = "<group>"; };
		3C0C0B581ED5597F000DAC09 /* YFOrderHeaderView.xib */ = {isa = PBXFileReference; fileEncoding = 4; lastKnownFileType = file.xib; path = YFOrderHeaderView.xib; sourceTree = "<group>"; };
		3C0C0B5A1ED55988000DAC09 /* YFCountHeaderView.xib */ = {isa = PBXFileReference; fileEncoding = 4; lastKnownFileType = file.xib; path = YFCountHeaderView.xib; sourceTree = "<group>"; };
		3C31F8971EC1CAA100FDAD11 /* YFHomeItem.swift */ = {isa = PBXFileReference; fileEncoding = 4; lastKnownFileType = sourcecode.swift; path = YFHomeItem.swift; sourceTree = "<group>"; };
		3C31F8991EC29CF100FDAD11 /* YFConst.swift */ = {isa = PBXFileReference; fileEncoding = 4; lastKnownFileType = sourcecode.swift; path = YFConst.swift; sourceTree = "<group>"; };
		3C31F89B1EC29E6400FDAD11 /* Size.swift */ = {isa = PBXFileReference; fileEncoding = 4; lastKnownFileType = sourcecode.swift; path = Size.swift; sourceTree = "<group>"; };
		3C31F89E1EC2F97000FDAD11 /* YFNavigationController.swift */ = {isa = PBXFileReference; fileEncoding = 4; lastKnownFileType = sourcecode.swift; path = YFNavigationController.swift; sourceTree = "<group>"; };
		3C31F8A01EC2F97F00FDAD11 /* YFTabBarViewController.swift */ = {isa = PBXFileReference; fileEncoding = 4; lastKnownFileType = sourcecode.swift; path = YFTabBarViewController.swift; sourceTree = "<group>"; };
		3C31F8A21EC2F9C700FDAD11 /* YFHomeViewController.swift */ = {isa = PBXFileReference; fileEncoding = 4; lastKnownFileType = sourcecode.swift; path = YFHomeViewController.swift; sourceTree = "<group>"; };
		3C31F8A41EC2F9D600FDAD11 /* YFSubjectViewController.swift */ = {isa = PBXFileReference; fileEncoding = 4; lastKnownFileType = sourcecode.swift; path = YFSubjectViewController.swift; sourceTree = "<group>"; };
		3C31F8A61EC2F9E100FDAD11 /* YFShopViewController.swift */ = {isa = PBXFileReference; fileEncoding = 4; lastKnownFileType = sourcecode.swift; path = YFShopViewController.swift; sourceTree = "<group>"; };
		3C31F8A81EC2F9F100FDAD11 /* YFBasketViewController.swift */ = {isa = PBXFileReference; fileEncoding = 4; lastKnownFileType = sourcecode.swift; path = YFBasketViewController.swift; sourceTree = "<group>"; };
		3C31F8AC1EC3F3FE00FDAD11 /* UIImage+Color.swift */ = {isa = PBXFileReference; fileEncoding = 4; lastKnownFileType = sourcecode.swift; path = "UIImage+Color.swift"; sourceTree = "<group>"; };
		3C31F8AE1EC430D800FDAD11 /* YFHomeTypeOneCell.swift */ = {isa = PBXFileReference; fileEncoding = 4; lastKnownFileType = sourcecode.swift; path = YFHomeTypeOneCell.swift; sourceTree = "<group>"; };
		3C31F8AF1EC430D800FDAD11 /* YFHomeTypeOneCell.xib */ = {isa = PBXFileReference; fileEncoding = 4; lastKnownFileType = file.xib; path = YFHomeTypeOneCell.xib; sourceTree = "<group>"; };
		3C31F8BA1EC4311D00FDAD11 /* YFItemCollectionCell.swift */ = {isa = PBXFileReference; fileEncoding = 4; lastKnownFileType = sourcecode.swift; path = YFItemCollectionCell.swift; sourceTree = "<group>"; };
		3C31F8BB1EC4311D00FDAD11 /* YFItemCollectionCell.xib */ = {isa = PBXFileReference; fileEncoding = 4; lastKnownFileType = file.xib; path = YFItemCollectionCell.xib; sourceTree = "<group>"; };
		3C31F8BE1EC4313500FDAD11 /* YFHomeHeaderView.swift */ = {isa = PBXFileReference; fileEncoding = 4; lastKnownFileType = sourcecode.swift; path = YFHomeHeaderView.swift; sourceTree = "<group>"; };
		3C31F8C51EC4410400FDAD11 /* YueShiJia-Bridging-header.h */ = {isa = PBXFileReference; lastKnownFileType = sourcecode.c.h; path = "YueShiJia-Bridging-header.h"; sourceTree = "<group>"; };
		3C31F8C61EC4470A00FDAD11 /* YFHomeHeaderView.xib */ = {isa = PBXFileReference; fileEncoding = 4; lastKnownFileType = file.xib; path = YFHomeHeaderView.xib; sourceTree = "<group>"; };
		3C31F8CC1EC44CC600FDAD11 /* YFHomeTypeTwoCell.swift */ = {isa = PBXFileReference; fileEncoding = 4; lastKnownFileType = sourcecode.swift; path = YFHomeTypeTwoCell.swift; sourceTree = "<group>"; };
		3C31F8CD1EC44CC600FDAD11 /* YFHomeTypeTwoCell.xib */ = {isa = PBXFileReference; fileEncoding = 4; lastKnownFileType = file.xib; path = YFHomeTypeTwoCell.xib; sourceTree = "<group>"; };
		3C31F8D01EC44CE100FDAD11 /* YFHomeTypeThreeCell.swift */ = {isa = PBXFileReference; fileEncoding = 4; lastKnownFileType = sourcecode.swift; path = YFHomeTypeThreeCell.swift; sourceTree = "<group>"; };
		3C31F8D11EC44CE100FDAD11 /* YFHomeTypeThreeCell.xib */ = {isa = PBXFileReference; fileEncoding = 4; lastKnownFileType = file.xib; path = YFHomeTypeThreeCell.xib; sourceTree = "<group>"; };
		3C31F8D41EC45B2300FDAD11 /* YFHomeButton.swift */ = {isa = PBXFileReference; fileEncoding = 4; lastKnownFileType = sourcecode.swift; path = YFHomeButton.swift; sourceTree = "<group>"; };
		3C31F8D61EC58A6B00FDAD11 /* YFAdvetiseViewController.swift */ = {isa = PBXFileReference; fileEncoding = 4; lastKnownFileType = sourcecode.swift; path = YFAdvetiseViewController.swift; sourceTree = "<group>"; };
		3C31F8D71EC58A6B00FDAD11 /* YFAdvetiseViewController.xib */ = {isa = PBXFileReference; fileEncoding = 4; lastKnownFileType = file.xib; path = YFAdvetiseViewController.xib; sourceTree = "<group>"; };
		3C31F8DA1EC59BCF00FDAD11 /* YFSpecialGoodsItem.swift */ = {isa = PBXFileReference; fileEncoding = 4; lastKnownFileType = sourcecode.swift; path = YFSpecialGoodsItem.swift; sourceTree = "<group>"; };
		3CC5820B1EC1A47500B5A176 /* YueShiJia.app */ = {isa = PBXFileReference; explicitFileType = wrapper.application; includeInIndex = 0; path = YueShiJia.app; sourceTree = BUILT_PRODUCTS_DIR; };
		3CC5820E1EC1A47500B5A176 /* AppDelegate.swift */ = {isa = PBXFileReference; lastKnownFileType = sourcecode.swift; path = AppDelegate.swift; sourceTree = "<group>"; };
		3CC582101EC1A47500B5A176 /* ViewController.swift */ = {isa = PBXFileReference; lastKnownFileType = sourcecode.swift; path = ViewController.swift; sourceTree = "<group>"; };
		3CC582131EC1A47500B5A176 /* Base */ = {isa = PBXFileReference; lastKnownFileType = file.storyboard; name = Base; path = Base.lproj/Main.storyboard; sourceTree = "<group>"; };
		3CC582151EC1A47500B5A176 /* Assets.xcassets */ = {isa = PBXFileReference; lastKnownFileType = folder.assetcatalog; path = Assets.xcassets; sourceTree = "<group>"; };
		3CC582181EC1A47500B5A176 /* Base */ = {isa = PBXFileReference; lastKnownFileType = file.storyboard; name = Base; path = Base.lproj/LaunchScreen.storyboard; sourceTree = "<group>"; };
		3CC5821A1EC1A47500B5A176 /* Info.plist */ = {isa = PBXFileReference; lastKnownFileType = text.plist.xml; path = Info.plist; sourceTree = "<group>"; };
		3CC5821F1EC1A47500B5A176 /* YueShiJiaTests.xctest */ = {isa = PBXFileReference; explicitFileType = wrapper.cfbundle; includeInIndex = 0; path = YueShiJiaTests.xctest; sourceTree = BUILT_PRODUCTS_DIR; };
		3CC582231EC1A47500B5A176 /* YueShiJiaTests.swift */ = {isa = PBXFileReference; lastKnownFileType = sourcecode.swift; path = YueShiJiaTests.swift; sourceTree = "<group>"; };
		3CC582251EC1A47500B5A176 /* Info.plist */ = {isa = PBXFileReference; lastKnownFileType = text.plist.xml; path = Info.plist; sourceTree = "<group>"; };
		3CC5822A1EC1A47500B5A176 /* YueShiJiaUITests.xctest */ = {isa = PBXFileReference; explicitFileType = wrapper.cfbundle; includeInIndex = 0; path = YueShiJiaUITests.xctest; sourceTree = BUILT_PRODUCTS_DIR; };
		3CC5822E1EC1A47500B5A176 /* YueShiJiaUITests.swift */ = {isa = PBXFileReference; lastKnownFileType = sourcecode.swift; path = YueShiJiaUITests.swift; sourceTree = "<group>"; };
		3CC582301EC1A47500B5A176 /* Info.plist */ = {isa = PBXFileReference; lastKnownFileType = text.plist.xml; path = Info.plist; sourceTree = "<group>"; };
		3CC582551EC1A92600B5A176 /* YFHttpRequest.swift */ = {isa = PBXFileReference; fileEncoding = 4; lastKnownFileType = sourcecode.swift; path = YFHttpRequest.swift; sourceTree = "<group>"; };
		3CFB8E1E1EC999ED00DA3344 /* YFSpecailGoodsCell.swift */ = {isa = PBXFileReference; fileEncoding = 4; lastKnownFileType = sourcecode.swift; path = YFSpecailGoodsCell.swift; sourceTree = "<group>"; };
		3CFB8E1F1EC999ED00DA3344 /* YFSpecailGoodsCell.xib */ = {isa = PBXFileReference; fileEncoding = 4; lastKnownFileType = file.xib; path = YFSpecailGoodsCell.xib; sourceTree = "<group>"; };
		3CFB8E221ECAAD4A00DA3344 /* YFSpecialGoodsHeaderView.swift */ = {isa = PBXFileReference; fileEncoding = 4; lastKnownFileType = sourcecode.swift; path = YFSpecialGoodsHeaderView.swift; sourceTree = "<group>"; };
		3CFB8E241ECAAD5600DA3344 /* YFSpecialGoodsHeaderView.xib */ = {isa = PBXFileReference; fileEncoding = 4; lastKnownFileType = file.xib; path = YFSpecialGoodsHeaderView.xib; sourceTree = "<group>"; };
		3CFB8E261ECAD62100DA3344 /* UINavigationBarExtension.swift */ = {isa = PBXFileReference; fileEncoding = 4; lastKnownFileType = sourcecode.swift; path = UINavigationBarExtension.swift; sourceTree = "<group>"; };
		3CFB8E281ECAD69500DA3344 /* YFSpecialGoodsViewController.swift */ = {isa = PBXFileReference; fileEncoding = 4; lastKnownFileType = sourcecode.swift; path = YFSpecialGoodsViewController.swift; sourceTree = "<group>"; };
		3CFB8E661ECB02A600DA3344 /* UIButtonExtension.swift */ = {isa = PBXFileReference; fileEncoding = 4; lastKnownFileType = sourcecode.swift; path = UIButtonExtension.swift; sourceTree = "<group>"; };
		3CFB8E681ECBF0E800DA3344 /* YFRefreshHeader.swift */ = {isa = PBXFileReference; fileEncoding = 4; lastKnownFileType = sourcecode.swift; path = YFRefreshHeader.swift; sourceTree = "<group>"; };
		3CFB8E6C1ECC1CFA00DA3344 /* YFSubjectHeaderView.swift */ = {isa = PBXFileReference; fileEncoding = 4; lastKnownFileType = sourcecode.swift; path = YFSubjectHeaderView.swift; sourceTree = "<group>"; };
		3CFB8E6E1ECC261700DA3344 /* YFSubViewController.swift */ = {isa = PBXFileReference; fileEncoding = 4; lastKnownFileType = sourcecode.swift; path = YFSubViewController.swift; sourceTree = "<group>"; };
		3CFB8E701ECC302300DA3344 /* YFVideoCell.swift */ = {isa = PBXFileReference; fileEncoding = 4; lastKnownFileType = sourcecode.swift; path = YFVideoCell.swift; sourceTree = "<group>"; };
		3CFB8E711ECC302300DA3344 /* YFVideoCell.xib */ = {isa = PBXFileReference; fileEncoding = 4; lastKnownFileType = file.xib; path = YFVideoCell.xib; sourceTree = "<group>"; };
		3CFB8E741ECC304600DA3344 /* YFListCell.swift */ = {isa = PBXFileReference; fileEncoding = 4; lastKnownFileType = sourcecode.swift; path = YFListCell.swift; sourceTree = "<group>"; };
		3CFB8E751ECC304600DA3344 /* YFListCell.xib */ = {isa = PBXFileReference; fileEncoding = 4; lastKnownFileType = file.xib; path = YFListCell.xib; sourceTree = "<group>"; };
		3CFB8E781ECC305B00DA3344 /* YFMapCell.swift */ = {isa = PBXFileReference; fileEncoding = 4; lastKnownFileType = sourcecode.swift; path = YFMapCell.swift; sourceTree = "<group>"; };
		3CFB8E791ECC305B00DA3344 /* YFMapCell.xib */ = {isa = PBXFileReference; fileEncoding = 4; lastKnownFileType = file.xib; path = YFMapCell.xib; sourceTree = "<group>"; };
		3CFB8E7C1ECC307100DA3344 /* YFKnowledgeCell.swift */ = {isa = PBXFileReference; fileEncoding = 4; lastKnownFileType = sourcecode.swift; path = YFKnowledgeCell.swift; sourceTree = "<group>"; };
		3CFB8E7D1ECC307100DA3344 /* YFKnowledgeCell.xib */ = {isa = PBXFileReference; fileEncoding = 4; lastKnownFileType = file.xib; path = YFKnowledgeCell.xib; sourceTree = "<group>"; };
		3CFB8E801ECC308B00DA3344 /* YFHumanismCell.swift */ = {isa = PBXFileReference; fileEncoding = 4; lastKnownFileType = sourcecode.swift; path = YFHumanismCell.swift; sourceTree = "<group>"; };
		3CFB8E811ECC308B00DA3344 /* YFHumanismCell.xib */ = {isa = PBXFileReference; fileEncoding = 4; lastKnownFileType = file.xib; path = YFHumanismCell.xib; sourceTree = "<group>"; };
		3CFB8E841ECC30B000DA3344 /* YFActiveCell.swift */ = {isa = PBXFileReference; fileEncoding = 4; lastKnownFileType = sourcecode.swift; path = YFActiveCell.swift; sourceTree = "<group>"; };
		3CFB8E851ECC30B000DA3344 /* YFActiveCell.xib */ = {isa = PBXFileReference; fileEncoding = 4; lastKnownFileType = file.xib; path = YFActiveCell.xib; sourceTree = "<group>"; };
		3CFB8E881ECC328300DA3344 /* YFSubjectItem.swift */ = {isa = PBXFileReference; fileEncoding = 4; lastKnownFileType = sourcecode.swift; path = YFSubjectItem.swift; sourceTree = "<group>"; };
		3CFB8E8A1ECD96E200DA3344 /* YFActiveItem.swift */ = {isa = PBXFileReference; fileEncoding = 4; lastKnownFileType = sourcecode.swift; path = YFActiveItem.swift; sourceTree = "<group>"; };
		3DB780B930276CFFB39DEDAA /* Pods-YueShiJiaTests.debug.xcconfig */ = {isa = PBXFileReference; includeInIndex = 1; lastKnownFileType = text.xcconfig; name = "Pods-YueShiJiaTests.debug.xcconfig"; path = "Pods/Target Support Files/Pods-YueShiJiaTests/Pods-YueShiJiaTests.debug.xcconfig"; sourceTree = "<group>"; };
		5049084C3E1F5969640C8074 /* Pods-YueShiJiaTests.release.xcconfig */ = {isa = PBXFileReference; includeInIndex = 1; lastKnownFileType = text.xcconfig; name = "Pods-YueShiJiaTests.release.xcconfig"; path = "Pods/Target Support Files/Pods-YueShiJiaTests/Pods-YueShiJiaTests.release.xcconfig"; sourceTree = "<group>"; };
		646DA04B87D7C2AE1D411804 /* Pods-YueShiJia.debug.xcconfig */ = {isa = PBXFileReference; includeInIndex = 1; lastKnownFileType = text.xcconfig; name = "Pods-YueShiJia.debug.xcconfig"; path = "Pods/Target Support Files/Pods-YueShiJia/Pods-YueShiJia.debug.xcconfig"; sourceTree = "<group>"; };
		70BBA3E23ACE4BEB452CA09C /* Pods-YueShiJia.release.xcconfig */ = {isa = PBXFileReference; includeInIndex = 1; lastKnownFileType = text.xcconfig; name = "Pods-YueShiJia.release.xcconfig"; path = "Pods/Target Support Files/Pods-YueShiJia/Pods-YueShiJia.release.xcconfig"; sourceTree = "<group>"; };
		A4E3BBDAB92B5EBB25305EED /* Pods_YueShiJiaTests.framework */ = {isa = PBXFileReference; explicitFileType = wrapper.framework; includeInIndex = 0; path = Pods_YueShiJiaTests.framework; sourceTree = BUILT_PRODUCTS_DIR; };
		B78DCA750933704DDB46B5C8 /* Pods_YueShiJiaUITests.framework */ = {isa = PBXFileReference; explicitFileType = wrapper.framework; includeInIndex = 0; path = Pods_YueShiJiaUITests.framework; sourceTree = BUILT_PRODUCTS_DIR; };
		D98489E29B9478AAC809F0D5 /* Pods-YueShiJiaUITests.release.xcconfig */ = {isa = PBXFileReference; includeInIndex = 1; lastKnownFileType = text.xcconfig; name = "Pods-YueShiJiaUITests.release.xcconfig"; path = "Pods/Target Support Files/Pods-YueShiJiaUITests/Pods-YueShiJiaUITests.release.xcconfig"; sourceTree = "<group>"; };
/* End PBXFileReference section */

/* Begin PBXFrameworksBuildPhase section */
		3CC582081EC1A47500B5A176 /* Frameworks */ = {
			isa = PBXFrameworksBuildPhase;
			buildActionMask = 2147483647;
			files = (
				D16447A433731537E3D7C45F /* Pods_YueShiJia.framework in Frameworks */,
			);
			runOnlyForDeploymentPostprocessing = 0;
		};
		3CC5821C1EC1A47500B5A176 /* Frameworks */ = {
			isa = PBXFrameworksBuildPhase;
			buildActionMask = 2147483647;
			files = (
				C385B8AD09F2E0E62ED14A2A /* Pods_YueShiJiaTests.framework in Frameworks */,
			);
			runOnlyForDeploymentPostprocessing = 0;
		};
		3CC582271EC1A47500B5A176 /* Frameworks */ = {
			isa = PBXFrameworksBuildPhase;
			buildActionMask = 2147483647;
			files = (
				8CEDB485F8E3103D241B12EC /* Pods_YueShiJiaUITests.framework in Frameworks */,
			);
			runOnlyForDeploymentPostprocessing = 0;
		};
/* End PBXFrameworksBuildPhase section */

/* Begin PBXGroup section */
		3C31F89D1EC2F95800FDAD11 /* Main */ = {
			isa = PBXGroup;
			children = (
				3C31F89E1EC2F97000FDAD11 /* YFNavigationController.swift */,
				3C31F8A01EC2F97F00FDAD11 /* YFTabBarViewController.swift */,
			);
			path = Main;
			sourceTree = "<group>";
		};
		3CC582021EC1A47500B5A176 = {
			isa = PBXGroup;
			children = (
				3C31F8C51EC4410400FDAD11 /* YueShiJia-Bridging-header.h */,
				3CC5820D1EC1A47500B5A176 /* YueShiJia */,
				3CC582221EC1A47500B5A176 /* YueShiJiaTests */,
				3CC5822D1EC1A47500B5A176 /* YueShiJiaUITests */,
				3CC5820C1EC1A47500B5A176 /* Products */,
				BB376A908B8A394ABBD020AE /* Pods */,
				57301CE43B2C809C60385390 /* Frameworks */,
			);
			sourceTree = "<group>";
		};
		3CC5820C1EC1A47500B5A176 /* Products */ = {
			isa = PBXGroup;
			children = (
				3CC5820B1EC1A47500B5A176 /* YueShiJia.app */,
				3CC5821F1EC1A47500B5A176 /* YueShiJiaTests.xctest */,
				3CC5822A1EC1A47500B5A176 /* YueShiJiaUITests.xctest */,
			);
			name = Products;
			sourceTree = "<group>";
		};
		3CC5820D1EC1A47500B5A176 /* YueShiJia */ = {
			isa = PBXGroup;
			children = (
				3CC5823E1EC1A8E700B5A176 /* Classes */,
				3CC5820E1EC1A47500B5A176 /* AppDelegate.swift */,
				3CC582101EC1A47500B5A176 /* ViewController.swift */,
				3CC582121EC1A47500B5A176 /* Main.storyboard */,
				3CC582151EC1A47500B5A176 /* Assets.xcassets */,
				3CC582171EC1A47500B5A176 /* LaunchScreen.storyboard */,
				3CC5821A1EC1A47500B5A176 /* Info.plist */,
			);
			path = YueShiJia;
			sourceTree = "<group>";
		};
		3CC582221EC1A47500B5A176 /* YueShiJiaTests */ = {
			isa = PBXGroup;
			children = (
				3CC582231EC1A47500B5A176 /* YueShiJiaTests.swift */,
				3CC582251EC1A47500B5A176 /* Info.plist */,
			);
			path = YueShiJiaTests;
			sourceTree = "<group>";
		};
		3CC5822D1EC1A47500B5A176 /* YueShiJiaUITests */ = {
			isa = PBXGroup;
			children = (
				3CC5822E1EC1A47500B5A176 /* YueShiJiaUITests.swift */,
				3CC582301EC1A47500B5A176 /* Info.plist */,
			);
			path = YueShiJiaUITests;
			sourceTree = "<group>";
		};
		3CC5823E1EC1A8E700B5A176 /* Classes */ = {
			isa = PBXGroup;
			children = (
				3C31F89D1EC2F95800FDAD11 /* Main */,
				3CC582401EC1A8E700B5A176 /* Home */,
				3CC582501EC1A8E700B5A176 /* Subject */,
				3CC582481EC1A8E700B5A176 /* Shop */,
				3CC5824C1EC1A8E700B5A176 /* ShoppingBasket */,
				3CC582441EC1A8E700B5A176 /* Profile */,
				3CC5823F1EC1A8E700B5A176 /* Category */,
				3CC582541EC1A8E700B5A176 /* Tools */,
			);
			path = Classes;
			sourceTree = "<group>";
		};
		3CC5823F1EC1A8E700B5A176 /* Category */ = {
			isa = PBXGroup;
			children = (
				3C0C0AF21ED3D5A1000DAC09 /* UIScrollView+HeaderScaleImage.h */,
				3C0C0AF31ED3D5A1000DAC09 /* UIScrollView+HeaderScaleImage.m */,
				3CFB8E261ECAD62100DA3344 /* UINavigationBarExtension.swift */,
				3C31F89B1EC29E6400FDAD11 /* Size.swift */,
				3C31F8AC1EC3F3FE00FDAD11 /* UIImage+Color.swift */,
				3C31F8D41EC45B2300FDAD11 /* YFHomeButton.swift */,
				3CFB8E661ECB02A600DA3344 /* UIButtonExtension.swift */,
			);
			path = Category;
			sourceTree = "<group>";
		};
		3CC582401EC1A8E700B5A176 /* Home */ = {
			isa = PBXGroup;
			children = (
				3CC582411EC1A8E700B5A176 /* Controllers */,
				3CC582421EC1A8E700B5A176 /* Models */,
				3CC582431EC1A8E700B5A176 /* Views */,
			);
			path = Home;
			sourceTree = "<group>";
		};
		3CC582411EC1A8E700B5A176 /* Controllers */ = {
			isa = PBXGroup;
			children = (
				3C31F8A21EC2F9C700FDAD11 /* YFHomeViewController.swift */,
				3C31F8D61EC58A6B00FDAD11 /* YFAdvetiseViewController.swift */,
				3C31F8D71EC58A6B00FDAD11 /* YFAdvetiseViewController.xib */,
				3CFB8E281ECAD69500DA3344 /* YFSpecialGoodsViewController.swift */,
			);
			path = Controllers;
			sourceTree = "<group>";
		};
		3CC582421EC1A8E700B5A176 /* Models */ = {
			isa = PBXGroup;
			children = (
				3C31F8971EC1CAA100FDAD11 /* YFHomeItem.swift */,
				3C31F8DA1EC59BCF00FDAD11 /* YFSpecialGoodsItem.swift */,
			);
			path = Models;
			sourceTree = "<group>";
		};
		3CC582431EC1A8E700B5A176 /* Views */ = {
			isa = PBXGroup;
			children = (
				3C31F8AE1EC430D800FDAD11 /* YFHomeTypeOneCell.swift */,
				3C31F8AF1EC430D800FDAD11 /* YFHomeTypeOneCell.xib */,
				3C31F8CC1EC44CC600FDAD11 /* YFHomeTypeTwoCell.swift */,
				3C31F8CD1EC44CC600FDAD11 /* YFHomeTypeTwoCell.xib */,
				3C31F8D01EC44CE100FDAD11 /* YFHomeTypeThreeCell.swift */,
				3C31F8D11EC44CE100FDAD11 /* YFHomeTypeThreeCell.xib */,
				3C31F8BA1EC4311D00FDAD11 /* YFItemCollectionCell.swift */,
				3C31F8BB1EC4311D00FDAD11 /* YFItemCollectionCell.xib */,
				3C31F8BE1EC4313500FDAD11 /* YFHomeHeaderView.swift */,
				3C31F8C61EC4470A00FDAD11 /* YFHomeHeaderView.xib */,
				3CFB8E1E1EC999ED00DA3344 /* YFSpecailGoodsCell.swift */,
				3CFB8E1F1EC999ED00DA3344 /* YFSpecailGoodsCell.xib */,
				3CFB8E221ECAAD4A00DA3344 /* YFSpecialGoodsHeaderView.swift */,
				3CFB8E241ECAAD5600DA3344 /* YFSpecialGoodsHeaderView.xib */,
				3CFB8E681ECBF0E800DA3344 /* YFRefreshHeader.swift */,
			);
			path = Views;
			sourceTree = "<group>";
		};
		3CC582441EC1A8E700B5A176 /* Profile */ = {
			isa = PBXGroup;
			children = (
				3CC582451EC1A8E700B5A176 /* Controllers */,
				3CC582461EC1A8E700B5A176 /* Models */,
				3CC582471EC1A8E700B5A176 /* Views */,
			);
			path = Profile;
			sourceTree = "<group>";
		};
		3CC582451EC1A8E700B5A176 /* Controllers */ = {
			isa = PBXGroup;
			children = (
				3C0C0AFB1ED40FB3000DAC09 /* YFProfileViewController.swift */,
			);
			path = Controllers;
			sourceTree = "<group>";
		};
		3CC582461EC1A8E700B5A176 /* Models */ = {
			isa = PBXGroup;
			children = (
			);
			path = Models;
			sourceTree = "<group>";
		};
		3CC582471EC1A8E700B5A176 /* Views */ = {
			isa = PBXGroup;
			children = (
				3C0C0B4C1ED52A11000DAC09 /* YFOrderCell.swift */,
				3C0C0B4D1ED52A11000DAC09 /* YFOrderCell.xib */,
				3C0C0B501ED52A22000DAC09 /* YFCountCell.swift */,
				3C0C0B511ED52A22000DAC09 /* YFCountCell.xib */,
				3C0C0B541ED55957000DAC09 /* YFOrderHeaderView.swift */,
				3C0C0B581ED5597F000DAC09 /* YFOrderHeaderView.xib */,
				3C0C0B561ED5596A000DAC09 /* YFCountHeaderView.swift */,
				3C0C0B5A1ED55988000DAC09 /* YFCountHeaderView.xib */,
			);
			path = Views;
			sourceTree = "<group>";
		};
		3CC582481EC1A8E700B5A176 /* Shop */ = {
			isa = PBXGroup;
			children = (
				3CC582491EC1A8E700B5A176 /* Controllers */,
				3CC5824A1EC1A8E700B5A176 /* Models */,
				3CC5824B1EC1A8E700B5A176 /* Views */,
			);
			path = Shop;
			sourceTree = "<group>";
		};
		3CC582491EC1A8E700B5A176 /* Controllers */ = {
			isa = PBXGroup;
			children = (
				3C31F8A61EC2F9E100FDAD11 /* YFShopViewController.swift */,
			);
			path = Controllers;
			sourceTree = "<group>";
		};
		3CC5824A1EC1A8E700B5A176 /* Models */ = {
			isa = PBXGroup;
			children = (
				3C0C0AE01ED2C4FC000DAC09 /* YFShopItem.swift */,
			);
			path = Models;
			sourceTree = "<group>";
		};
		3CC5824B1EC1A8E700B5A176 /* Views */ = {
			isa = PBXGroup;
			children = (
				3C0C0AE21ED2CEE6000DAC09 /* YFShopHeaderView.swift */,
				3C0C0AE41ED2CEFD000DAC09 /* YFShopHeaderView.xib */,
				3C0C0AE61ED2D966000DAC09 /* YFShopClassifyCell.swift */,
				3C0C0AE71ED2D966000DAC09 /* YFShopClassifyCell.xib */,
				3C0C0AEA1ED2E823000DAC09 /* YFShopCell.swift */,
				3C0C0AEB1ED2E823000DAC09 /* YFShopCell.xib */,
				3C0C0AEE1ED3C1E4000DAC09 /* YFChannerCell.swift */,
				3C0C0AEF1ED3C1E4000DAC09 /* YFChannerCell.xib */,
			);
			path = Views;
			sourceTree = "<group>";
		};
		3CC5824C1EC1A8E700B5A176 /* ShoppingBasket */ = {
			isa = PBXGroup;
			children = (
				3CC5824D1EC1A8E700B5A176 /* Controllers */,
				3CC5824E1EC1A8E700B5A176 /* Models */,
				3CC5824F1EC1A8E700B5A176 /* Views */,
			);
			path = ShoppingBasket;
			sourceTree = "<group>";
		};
		3CC5824D1EC1A8E700B5A176 /* Controllers */ = {
			isa = PBXGroup;
			children = (
				3C31F8A81EC2F9F100FDAD11 /* YFBasketViewController.swift */,
			);
			path = Controllers;
			sourceTree = "<group>";
		};
		3CC5824E1EC1A8E700B5A176 /* Models */ = {
			isa = PBXGroup;
			children = (
			);
			path = Models;
			sourceTree = "<group>";
		};
		3CC5824F1EC1A8E700B5A176 /* Views */ = {
			isa = PBXGroup;
			children = (
			);
			path = Views;
			sourceTree = "<group>";
		};
		3CC582501EC1A8E700B5A176 /* Subject */ = {
			isa = PBXGroup;
			children = (
				3CC582511EC1A8E700B5A176 /* Controllers */,
				3CC582521EC1A8E700B5A176 /* Models */,
				3CC582531EC1A8E700B5A176 /* Views */,
			);
			path = Subject;
			sourceTree = "<group>";
		};
		3CC582511EC1A8E700B5A176 /* Controllers */ = {
			isa = PBXGroup;
			children = (
				3C31F8A41EC2F9D600FDAD11 /* YFSubjectViewController.swift */,
				3CFB8E6E1ECC261700DA3344 /* YFSubViewController.swift */,
			);
			path = Controllers;
			sourceTree = "<group>";
		};
		3CC582521EC1A8E700B5A176 /* Models */ = {
			isa = PBXGroup;
			children = (
				3CFB8E881ECC328300DA3344 /* YFSubjectItem.swift */,
				3CFB8E8A1ECD96E200DA3344 /* YFActiveItem.swift */,
			);
			path = Models;
			sourceTree = "<group>";
		};
		3CC582531EC1A8E700B5A176 /* Views */ = {
			isa = PBXGroup;
			children = (
				3CFB8E6C1ECC1CFA00DA3344 /* YFSubjectHeaderView.swift */,
				3CFB8E701ECC302300DA3344 /* YFVideoCell.swift */,
				3CFB8E711ECC302300DA3344 /* YFVideoCell.xib */,
				3CFB8E741ECC304600DA3344 /* YFListCell.swift */,
				3CFB8E751ECC304600DA3344 /* YFListCell.xib */,
				3CFB8E781ECC305B00DA3344 /* YFMapCell.swift */,
				3CFB8E791ECC305B00DA3344 /* YFMapCell.xib */,
				3CFB8E7C1ECC307100DA3344 /* YFKnowledgeCell.swift */,
				3CFB8E7D1ECC307100DA3344 /* YFKnowledgeCell.xib */,
				3CFB8E801ECC308B00DA3344 /* YFHumanismCell.swift */,
				3CFB8E811ECC308B00DA3344 /* YFHumanismCell.xib */,
				3CFB8E841ECC30B000DA3344 /* YFActiveCell.swift */,
				3CFB8E851ECC30B000DA3344 /* YFActiveCell.xib */,
			);
			path = Views;
			sourceTree = "<group>";
		};
		3CC582541EC1A8E700B5A176 /* Tools */ = {
			isa = PBXGroup;
			children = (
				3CC582551EC1A92600B5A176 /* YFHttpRequest.swift */,
				3C31F8991EC29CF100FDAD11 /* YFConst.swift */,
			);
			path = Tools;
			sourceTree = "<group>";
		};
		57301CE43B2C809C60385390 /* Frameworks */ = {
			isa = PBXGroup;
			children = (
				110A0B2D1D08D9E8DF28A8D4 /* Pods_YueShiJia.framework */,
				A4E3BBDAB92B5EBB25305EED /* Pods_YueShiJiaTests.framework */,
				B78DCA750933704DDB46B5C8 /* Pods_YueShiJiaUITests.framework */,
			);
			name = Frameworks;
			sourceTree = "<group>";
		};
		BB376A908B8A394ABBD020AE /* Pods */ = {
			isa = PBXGroup;
			children = (
				646DA04B87D7C2AE1D411804 /* Pods-YueShiJia.debug.xcconfig */,
				70BBA3E23ACE4BEB452CA09C /* Pods-YueShiJia.release.xcconfig */,
				3DB780B930276CFFB39DEDAA /* Pods-YueShiJiaTests.debug.xcconfig */,
				5049084C3E1F5969640C8074 /* Pods-YueShiJiaTests.release.xcconfig */,
				0F3462DE2C1C845C9C09E524 /* Pods-YueShiJiaUITests.debug.xcconfig */,
				D98489E29B9478AAC809F0D5 /* Pods-YueShiJiaUITests.release.xcconfig */,
			);
			name = Pods;
			sourceTree = "<group>";
		};
/* End PBXGroup section */

/* Begin PBXNativeTarget section */
		3CC5820A1EC1A47500B5A176 /* YueShiJia */ = {
			isa = PBXNativeTarget;
			buildConfigurationList = 3CC582331EC1A47500B5A176 /* Build configuration list for PBXNativeTarget "YueShiJia" */;
			buildPhases = (
				1E08D1742F5BD3F09BC0D741 /* [CP] Check Pods Manifest.lock */,
				3CC582071EC1A47500B5A176 /* Sources */,
				3CC582081EC1A47500B5A176 /* Frameworks */,
				3CC582091EC1A47500B5A176 /* Resources */,
				8CB6228E48F9E0BB8D44391B /* [CP] Embed Pods Frameworks */,
				4BD5889E0675D516C796A8F4 /* [CP] Copy Pods Resources */,
			);
			buildRules = (
			);
			dependencies = (
			);
			name = YueShiJia;
			productName = YueShiJia;
			productReference = 3CC5820B1EC1A47500B5A176 /* YueShiJia.app */;
			productType = "com.apple.product-type.application";
		};
		3CC5821E1EC1A47500B5A176 /* YueShiJiaTests */ = {
			isa = PBXNativeTarget;
			buildConfigurationList = 3CC582361EC1A47500B5A176 /* Build configuration list for PBXNativeTarget "YueShiJiaTests" */;
			buildPhases = (
				501BE4E64CD0637844D55EB3 /* [CP] Check Pods Manifest.lock */,
				3CC5821B1EC1A47500B5A176 /* Sources */,
				3CC5821C1EC1A47500B5A176 /* Frameworks */,
				3CC5821D1EC1A47500B5A176 /* Resources */,
				A1658625885E2CBC3578F748 /* [CP] Embed Pods Frameworks */,
				80B69734B6605284E1B904BD /* [CP] Copy Pods Resources */,
			);
			buildRules = (
			);
			dependencies = (
				3CC582211EC1A47500B5A176 /* PBXTargetDependency */,
			);
			name = YueShiJiaTests;
			productName = YueShiJiaTests;
			productReference = 3CC5821F1EC1A47500B5A176 /* YueShiJiaTests.xctest */;
			productType = "com.apple.product-type.bundle.unit-test";
		};
		3CC582291EC1A47500B5A176 /* YueShiJiaUITests */ = {
			isa = PBXNativeTarget;
			buildConfigurationList = 3CC582391EC1A47500B5A176 /* Build configuration list for PBXNativeTarget "YueShiJiaUITests" */;
			buildPhases = (
				66DD8E081530B5591A0FBBF8 /* [CP] Check Pods Manifest.lock */,
				3CC582261EC1A47500B5A176 /* Sources */,
				3CC582271EC1A47500B5A176 /* Frameworks */,
				3CC582281EC1A47500B5A176 /* Resources */,
				1F1C97135B1960F101A64366 /* [CP] Embed Pods Frameworks */,
				4787972E9D307E7B1A260FAC /* [CP] Copy Pods Resources */,
			);
			buildRules = (
			);
			dependencies = (
				3CC5822C1EC1A47500B5A176 /* PBXTargetDependency */,
			);
			name = YueShiJiaUITests;
			productName = YueShiJiaUITests;
			productReference = 3CC5822A1EC1A47500B5A176 /* YueShiJiaUITests.xctest */;
			productType = "com.apple.product-type.bundle.ui-testing";
		};
/* End PBXNativeTarget section */

/* Begin PBXProject section */
		3CC582031EC1A47500B5A176 /* Project object */ = {
			isa = PBXProject;
			attributes = {
				CLASSPREFIX = YF;
				LastSwiftUpdateCheck = 0830;
				LastUpgradeCheck = 0830;
				ORGANIZATIONNAME = YangFan;
				TargetAttributes = {
					3CC5820A1EC1A47500B5A176 = {
						CreatedOnToolsVersion = 8.3.1;
						DevelopmentTeam = FN5RQSTW98;
						ProvisioningStyle = Automatic;
					};
					3CC5821E1EC1A47500B5A176 = {
						CreatedOnToolsVersion = 8.3.1;
						ProvisioningStyle = Automatic;
						TestTargetID = 3CC5820A1EC1A47500B5A176;
					};
					3CC582291EC1A47500B5A176 = {
						CreatedOnToolsVersion = 8.3.1;
						ProvisioningStyle = Automatic;
						TestTargetID = 3CC5820A1EC1A47500B5A176;
					};
				};
			};
			buildConfigurationList = 3CC582061EC1A47500B5A176 /* Build configuration list for PBXProject "YueShiJia" */;
			compatibilityVersion = "Xcode 3.2";
			developmentRegion = English;
			hasScannedForEncodings = 0;
			knownRegions = (
				en,
				Base,
			);
			mainGroup = 3CC582021EC1A47500B5A176;
			productRefGroup = 3CC5820C1EC1A47500B5A176 /* Products */;
			projectDirPath = "";
			projectRoot = "";
			targets = (
				3CC5820A1EC1A47500B5A176 /* YueShiJia */,
				3CC5821E1EC1A47500B5A176 /* YueShiJiaTests */,
				3CC582291EC1A47500B5A176 /* YueShiJiaUITests */,
			);
		};
/* End PBXProject section */

/* Begin PBXResourcesBuildPhase section */
		3CC582091EC1A47500B5A176 /* Resources */ = {
			isa = PBXResourcesBuildPhase;
			buildActionMask = 2147483647;
			files = (
				3C31F8BD1EC4311D00FDAD11 /* YFItemCollectionCell.xib in Resources */,
				3C31F8D91EC58A6B00FDAD11 /* YFAdvetiseViewController.xib in Resources */,
				3C0C0AE51ED2CEFD000DAC09 /* YFShopHeaderView.xib in Resources */,
				3C31F8C71EC4470A00FDAD11 /* YFHomeHeaderView.xib in Resources */,
				3CFB8E211EC999ED00DA3344 /* YFSpecailGoodsCell.xib in Resources */,
				3C0C0B591ED5597F000DAC09 /* YFOrderHeaderView.xib in Resources */,
				3CFB8E831ECC308B00DA3344 /* YFHumanismCell.xib in Resources */,
				3CFB8E251ECAAD5600DA3344 /* YFSpecialGoodsHeaderView.xib in Resources */,
				3CFB8E7B1ECC305B00DA3344 /* YFMapCell.xib in Resources */,
				3C31F8D31EC44CE100FDAD11 /* YFHomeTypeThreeCell.xib in Resources */,
				3C0C0B5B1ED55988000DAC09 /* YFCountHeaderView.xib in Resources */,
				3CFB8E731ECC302300DA3344 /* YFVideoCell.xib in Resources */,
				3C0C0B531ED52A22000DAC09 /* YFCountCell.xib in Resources */,
				3CC582191EC1A47500B5A176 /* LaunchScreen.storyboard in Resources */,
				3C0C0AE91ED2D966000DAC09 /* YFShopClassifyCell.xib in Resources */,
				3C0C0AED1ED2E823000DAC09 /* YFShopCell.xib in Resources */,
				3C0C0B4F1ED52A11000DAC09 /* YFOrderCell.xib in Resources */,
				3CC582161EC1A47500B5A176 /* Assets.xcassets in Resources */,
				3C0C0AF11ED3C1E4000DAC09 /* YFChannerCell.xib in Resources */,
				3C31F8B11EC430D800FDAD11 /* YFHomeTypeOneCell.xib in Resources */,
				3C31F8CF1EC44CC600FDAD11 /* YFHomeTypeTwoCell.xib in Resources */,
				3CFB8E871ECC30B000DA3344 /* YFActiveCell.xib in Resources */,
				3CC582141EC1A47500B5A176 /* Main.storyboard in Resources */,
				3CFB8E771ECC304600DA3344 /* YFListCell.xib in Resources */,
				3CFB8E7F1ECC307100DA3344 /* YFKnowledgeCell.xib in Resources */,
			);
			runOnlyForDeploymentPostprocessing = 0;
		};
		3CC5821D1EC1A47500B5A176 /* Resources */ = {
			isa = PBXResourcesBuildPhase;
			buildActionMask = 2147483647;
			files = (
			);
			runOnlyForDeploymentPostprocessing = 0;
		};
		3CC582281EC1A47500B5A176 /* Resources */ = {
			isa = PBXResourcesBuildPhase;
			buildActionMask = 2147483647;
			files = (
			);
			runOnlyForDeploymentPostprocessing = 0;
		};
/* End PBXResourcesBuildPhase section */

/* Begin PBXShellScriptBuildPhase section */
		1E08D1742F5BD3F09BC0D741 /* [CP] Check Pods Manifest.lock */ = {
			isa = PBXShellScriptBuildPhase;
			buildActionMask = 2147483647;
			files = (
			);
			inputPaths = (
			);
			name = "[CP] Check Pods Manifest.lock";
			outputPaths = (
			);
			runOnlyForDeploymentPostprocessing = 0;
			shellPath = /bin/sh;
			shellScript = "diff \"${PODS_ROOT}/../Podfile.lock\" \"${PODS_ROOT}/Manifest.lock\" > /dev/null\nif [ $? != 0 ] ; then\n    # print error to STDERR\n    echo \"error: The sandbox is not in sync with the Podfile.lock. Run 'pod install' or update your CocoaPods installation.\" >&2\n    exit 1\nfi\n";
			showEnvVarsInLog = 0;
		};
		1F1C97135B1960F101A64366 /* [CP] Embed Pods Frameworks */ = {
			isa = PBXShellScriptBuildPhase;
			buildActionMask = 2147483647;
			files = (
			);
			inputPaths = (
			);
			name = "[CP] Embed Pods Frameworks";
			outputPaths = (
			);
			runOnlyForDeploymentPostprocessing = 0;
			shellPath = /bin/sh;
			shellScript = "\"${SRCROOT}/Pods/Target Support Files/Pods-YueShiJiaUITests/Pods-YueShiJiaUITests-frameworks.sh\"\n";
			showEnvVarsInLog = 0;
		};
		4787972E9D307E7B1A260FAC /* [CP] Copy Pods Resources */ = {
			isa = PBXShellScriptBuildPhase;
			buildActionMask = 2147483647;
			files = (
			);
			inputPaths = (
			);
			name = "[CP] Copy Pods Resources";
			outputPaths = (
			);
			runOnlyForDeploymentPostprocessing = 0;
			shellPath = /bin/sh;
			shellScript = "\"${SRCROOT}/Pods/Target Support Files/Pods-YueShiJiaUITests/Pods-YueShiJiaUITests-resources.sh\"\n";
			showEnvVarsInLog = 0;
		};
		4BD5889E0675D516C796A8F4 /* [CP] Copy Pods Resources */ = {
			isa = PBXShellScriptBuildPhase;
			buildActionMask = 2147483647;
			files = (
			);
			inputPaths = (
			);
			name = "[CP] Copy Pods Resources";
			outputPaths = (
			);
			runOnlyForDeploymentPostprocessing = 0;
			shellPath = /bin/sh;
			shellScript = "\"${SRCROOT}/Pods/Target Support Files/Pods-YueShiJia/Pods-YueShiJia-resources.sh\"\n";
			showEnvVarsInLog = 0;
		};
		501BE4E64CD0637844D55EB3 /* [CP] Check Pods Manifest.lock */ = {
			isa = PBXShellScriptBuildPhase;
			buildActionMask = 2147483647;
			files = (
			);
			inputPaths = (
			);
			name = "[CP] Check Pods Manifest.lock";
			outputPaths = (
			);
			runOnlyForDeploymentPostprocessing = 0;
			shellPath = /bin/sh;
			shellScript = "diff \"${PODS_ROOT}/../Podfile.lock\" \"${PODS_ROOT}/Manifest.lock\" > /dev/null\nif [ $? != 0 ] ; then\n    # print error to STDERR\n    echo \"error: The sandbox is not in sync with the Podfile.lock. Run 'pod install' or update your CocoaPods installation.\" >&2\n    exit 1\nfi\n";
			showEnvVarsInLog = 0;
		};
		66DD8E081530B5591A0FBBF8 /* [CP] Check Pods Manifest.lock */ = {
			isa = PBXShellScriptBuildPhase;
			buildActionMask = 2147483647;
			files = (
			);
			inputPaths = (
			);
			name = "[CP] Check Pods Manifest.lock";
			outputPaths = (
			);
			runOnlyForDeploymentPostprocessing = 0;
			shellPath = /bin/sh;
			shellScript = "diff \"${PODS_ROOT}/../Podfile.lock\" \"${PODS_ROOT}/Manifest.lock\" > /dev/null\nif [ $? != 0 ] ; then\n    # print error to STDERR\n    echo \"error: The sandbox is not in sync with the Podfile.lock. Run 'pod install' or update your CocoaPods installation.\" >&2\n    exit 1\nfi\n";
			showEnvVarsInLog = 0;
		};
		80B69734B6605284E1B904BD /* [CP] Copy Pods Resources */ = {
			isa = PBXShellScriptBuildPhase;
			buildActionMask = 2147483647;
			files = (
			);
			inputPaths = (
			);
			name = "[CP] Copy Pods Resources";
			outputPaths = (
			);
			runOnlyForDeploymentPostprocessing = 0;
			shellPath = /bin/sh;
			shellScript = "\"${SRCROOT}/Pods/Target Support Files/Pods-YueShiJiaTests/Pods-YueShiJiaTests-resources.sh\"\n";
			showEnvVarsInLog = 0;
		};
		8CB6228E48F9E0BB8D44391B /* [CP] Embed Pods Frameworks */ = {
			isa = PBXShellScriptBuildPhase;
			buildActionMask = 2147483647;
			files = (
			);
			inputPaths = (
			);
			name = "[CP] Embed Pods Frameworks";
			outputPaths = (
			);
			runOnlyForDeploymentPostprocessing = 0;
			shellPath = /bin/sh;
			shellScript = "\"${SRCROOT}/Pods/Target Support Files/Pods-YueShiJia/Pods-YueShiJia-frameworks.sh\"\n";
			showEnvVarsInLog = 0;
		};
		A1658625885E2CBC3578F748 /* [CP] Embed Pods Frameworks */ = {
			isa = PBXShellScriptBuildPhase;
			buildActionMask = 2147483647;
			files = (
			);
			inputPaths = (
			);
			name = "[CP] Embed Pods Frameworks";
			outputPaths = (
			);
			runOnlyForDeploymentPostprocessing = 0;
			shellPath = /bin/sh;
			shellScript = "\"${SRCROOT}/Pods/Target Support Files/Pods-YueShiJiaTests/Pods-YueShiJiaTests-frameworks.sh\"\n";
			showEnvVarsInLog = 0;
		};
/* End PBXShellScriptBuildPhase section */

/* Begin PBXSourcesBuildPhase section */
		3CC582071EC1A47500B5A176 /* Sources */ = {
			isa = PBXSourcesBuildPhase;
			buildActionMask = 2147483647;
			files = (
				3C31F89A1EC29CF100FDAD11 /* YFConst.swift in Sources */,
				3C31F8A11EC2F97F00FDAD11 /* YFTabBarViewController.swift in Sources */,
				3CFB8E6F1ECC261700DA3344 /* YFSubViewController.swift in Sources */,
				3C31F8CE1EC44CC600FDAD11 /* YFHomeTypeTwoCell.swift in Sources */,
				3CFB8E271ECAD62100DA3344 /* UINavigationBarExtension.swift in Sources */,
				3C0C0AE31ED2CEE6000DAC09 /* YFShopHeaderView.swift in Sources */,
				3CFB8E761ECC304600DA3344 /* YFListCell.swift in Sources */,
				3C31F8A51EC2F9D600FDAD11 /* YFSubjectViewController.swift in Sources */,
				3C31F8A91EC2F9F100FDAD11 /* YFBasketViewController.swift in Sources */,
				3CFB8E691ECBF0E800DA3344 /* YFRefreshHeader.swift in Sources */,
				3C0C0AE11ED2C4FC000DAC09 /* YFShopItem.swift in Sources */,
				3C0C0AF01ED3C1E4000DAC09 /* YFChannerCell.swift in Sources */,
				3C31F8AD1EC3F3FE00FDAD11 /* UIImage+Color.swift in Sources */,
				3C0C0AE81ED2D966000DAC09 /* YFShopClassifyCell.swift in Sources */,
				3CC582111EC1A47500B5A176 /* ViewController.swift in Sources */,
				3C0C0AFC1ED40FB3000DAC09 /* YFProfileViewController.swift in Sources */,
				3CFB8E201EC999ED00DA3344 /* YFSpecailGoodsCell.swift in Sources */,
				3C31F8DB1EC59BCF00FDAD11 /* YFSpecialGoodsItem.swift in Sources */,
				3CFB8E891ECC328300DA3344 /* YFSubjectItem.swift in Sources */,
				3CC5820F1EC1A47500B5A176 /* AppDelegate.swift in Sources */,
				3CFB8E7A1ECC305B00DA3344 /* YFMapCell.swift in Sources */,
				3C0C0AEC1ED2E823000DAC09 /* YFShopCell.swift in Sources */,
				3CFB8E6D1ECC1CFA00DA3344 /* YFSubjectHeaderView.swift in Sources */,
				3C0C0B4E1ED52A11000DAC09 /* YFOrderCell.swift in Sources */,
				3C31F8A71EC2F9E100FDAD11 /* YFShopViewController.swift in Sources */,
				3C31F8BC1EC4311D00FDAD11 /* YFItemCollectionCell.swift in Sources */,
				3C31F8BF1EC4313500FDAD11 /* YFHomeHeaderView.swift in Sources */,
				3CFB8E231ECAAD4A00DA3344 /* YFSpecialGoodsHeaderView.swift in Sources */,
				3C0C0B521ED52A22000DAC09 /* YFCountCell.swift in Sources */,
				3CFB8E291ECAD69500DA3344 /* YFSpecialGoodsViewController.swift in Sources */,
				3C0C0B551ED55957000DAC09 /* YFOrderHeaderView.swift in Sources */,
				3C31F89F1EC2F97000FDAD11 /* YFNavigationController.swift in Sources */,
				3C0C0AF41ED3D5A1000DAC09 /* UIScrollView+HeaderScaleImage.m in Sources */,
				3C31F8D51EC45B2300FDAD11 /* YFHomeButton.swift in Sources */,
				3CFB8E8B1ECD96E200DA3344 /* YFActiveItem.swift in Sources */,
				3C31F8D21EC44CE100FDAD11 /* YFHomeTypeThreeCell.swift in Sources */,
				3C31F8A31EC2F9C700FDAD11 /* YFHomeViewController.swift in Sources */,
				3C31F8B01EC430D800FDAD11 /* YFHomeTypeOneCell.swift in Sources */,
				3CFB8E7E1ECC307100DA3344 /* YFKnowledgeCell.swift in Sources */,
				3CFB8E721ECC302300DA3344 /* YFVideoCell.swift in Sources */,
				3C31F8981EC1CAA100FDAD11 /* YFHomeItem.swift in Sources */,
				3CFB8E671ECB02A600DA3344 /* UIButtonExtension.swift in Sources */,
				3C31F8D81EC58A6B00FDAD11 /* YFAdvetiseViewController.swift in Sources */,
				3CFB8E861ECC30B000DA3344 /* YFActiveCell.swift in Sources */,
				3C31F89C1EC29E6400FDAD11 /* Size.swift in Sources */,
				3CC582561EC1A92600B5A176 /* YFHttpRequest.swift in Sources */,
				3C0C0B571ED5596A000DAC09 /* YFCountHeaderView.swift in Sources */,
				3CFB8E821ECC308B00DA3344 /* YFHumanismCell.swift in Sources */,
			);
			runOnlyForDeploymentPostprocessing = 0;
		};
		3CC5821B1EC1A47500B5A176 /* Sources */ = {
			isa = PBXSourcesBuildPhase;
			buildActionMask = 2147483647;
			files = (
				3CC582241EC1A47500B5A176 /* YueShiJiaTests.swift in Sources */,
			);
			runOnlyForDeploymentPostprocessing = 0;
		};
		3CC582261EC1A47500B5A176 /* Sources */ = {
			isa = PBXSourcesBuildPhase;
			buildActionMask = 2147483647;
			files = (
				3CC5822F1EC1A47500B5A176 /* YueShiJiaUITests.swift in Sources */,
			);
			runOnlyForDeploymentPostprocessing = 0;
		};
/* End PBXSourcesBuildPhase section */

/* Begin PBXTargetDependency section */
		3CC582211EC1A47500B5A176 /* PBXTargetDependency */ = {
			isa = PBXTargetDependency;
			target = 3CC5820A1EC1A47500B5A176 /* YueShiJia */;
			targetProxy = 3CC582201EC1A47500B5A176 /* PBXContainerItemProxy */;
		};
		3CC5822C1EC1A47500B5A176 /* PBXTargetDependency */ = {
			isa = PBXTargetDependency;
			target = 3CC5820A1EC1A47500B5A176 /* YueShiJia */;
			targetProxy = 3CC5822B1EC1A47500B5A176 /* PBXContainerItemProxy */;
		};
/* End PBXTargetDependency section */

/* Begin PBXVariantGroup section */
		3CC582121EC1A47500B5A176 /* Main.storyboard */ = {
			isa = PBXVariantGroup;
			children = (
				3CC582131EC1A47500B5A176 /* Base */,
			);
			name = Main.storyboard;
			sourceTree = "<group>";
		};
		3CC582171EC1A47500B5A176 /* LaunchScreen.storyboard */ = {
			isa = PBXVariantGroup;
			children = (
				3CC582181EC1A47500B5A176 /* Base */,
			);
			name = LaunchScreen.storyboard;
			sourceTree = "<group>";
		};
/* End PBXVariantGroup section */

/* Begin XCBuildConfiguration section */
		3CC582311EC1A47500B5A176 /* Debug */ = {
			isa = XCBuildConfiguration;
			buildSettings = {
				ALWAYS_SEARCH_USER_PATHS = NO;
				CLANG_ANALYZER_NONNULL = YES;
				CLANG_ANALYZER_NUMBER_OBJECT_CONVERSION = YES_AGGRESSIVE;
				CLANG_CXX_LANGUAGE_STANDARD = "gnu++0x";
				CLANG_CXX_LIBRARY = "libc++";
				CLANG_ENABLE_MODULES = YES;
				CLANG_ENABLE_OBJC_ARC = YES;
				CLANG_WARN_BOOL_CONVERSION = YES;
				CLANG_WARN_CONSTANT_CONVERSION = YES;
				CLANG_WARN_DIRECT_OBJC_ISA_USAGE = YES_ERROR;
				CLANG_WARN_DOCUMENTATION_COMMENTS = YES;
				CLANG_WARN_EMPTY_BODY = YES;
				CLANG_WARN_ENUM_CONVERSION = YES;
				CLANG_WARN_INFINITE_RECURSION = YES;
				CLANG_WARN_INT_CONVERSION = YES;
				CLANG_WARN_OBJC_ROOT_CLASS = YES_ERROR;
				CLANG_WARN_SUSPICIOUS_MOVE = YES;
				CLANG_WARN_UNREACHABLE_CODE = YES;
				CLANG_WARN__DUPLICATE_METHOD_MATCH = YES;
				"CODE_SIGN_IDENTITY[sdk=iphoneos*]" = "iPhone Developer";
				COPY_PHASE_STRIP = NO;
				DEBUG_INFORMATION_FORMAT = dwarf;
				ENABLE_STRICT_OBJC_MSGSEND = YES;
				ENABLE_TESTABILITY = YES;
				GCC_C_LANGUAGE_STANDARD = gnu99;
				GCC_DYNAMIC_NO_PIC = NO;
				GCC_NO_COMMON_BLOCKS = YES;
				GCC_OPTIMIZATION_LEVEL = 0;
				GCC_PREPROCESSOR_DEFINITIONS = (
					"DEBUG=1",
					"$(inherited)",
				);
				GCC_WARN_64_TO_32_BIT_CONVERSION = YES;
				GCC_WARN_ABOUT_RETURN_TYPE = YES_ERROR;
				GCC_WARN_UNDECLARED_SELECTOR = YES;
				GCC_WARN_UNINITIALIZED_AUTOS = YES_AGGRESSIVE;
				GCC_WARN_UNUSED_FUNCTION = YES;
				GCC_WARN_UNUSED_VARIABLE = YES;
				IPHONEOS_DEPLOYMENT_TARGET = 10.3;
				MTL_ENABLE_DEBUG_INFO = YES;
				ONLY_ACTIVE_ARCH = YES;
				SDKROOT = iphoneos;
				SWIFT_ACTIVE_COMPILATION_CONDITIONS = DEBUG;
				SWIFT_OPTIMIZATION_LEVEL = "-Onone";
				TARGETED_DEVICE_FAMILY = "1,2";
			};
			name = Debug;
		};
		3CC582321EC1A47500B5A176 /* Release */ = {
			isa = XCBuildConfiguration;
			buildSettings = {
				ALWAYS_SEARCH_USER_PATHS = NO;
				CLANG_ANALYZER_NONNULL = YES;
				CLANG_ANALYZER_NUMBER_OBJECT_CONVERSION = YES_AGGRESSIVE;
				CLANG_CXX_LANGUAGE_STANDARD = "gnu++0x";
				CLANG_CXX_LIBRARY = "libc++";
				CLANG_ENABLE_MODULES = YES;
				CLANG_ENABLE_OBJC_ARC = YES;
				CLANG_WARN_BOOL_CONVERSION = YES;
				CLANG_WARN_CONSTANT_CONVERSION = YES;
				CLANG_WARN_DIRECT_OBJC_ISA_USAGE = YES_ERROR;
				CLANG_WARN_DOCUMENTATION_COMMENTS = YES;
				CLANG_WARN_EMPTY_BODY = YES;
				CLANG_WARN_ENUM_CONVERSION = YES;
				CLANG_WARN_INFINITE_RECURSION = YES;
				CLANG_WARN_INT_CONVERSION = YES;
				CLANG_WARN_OBJC_ROOT_CLASS = YES_ERROR;
				CLANG_WARN_SUSPICIOUS_MOVE = YES;
				CLANG_WARN_UNREACHABLE_CODE = YES;
				CLANG_WARN__DUPLICATE_METHOD_MATCH = YES;
				"CODE_SIGN_IDENTITY[sdk=iphoneos*]" = "iPhone Developer";
				COPY_PHASE_STRIP = NO;
				DEBUG_INFORMATION_FORMAT = "dwarf-with-dsym";
				ENABLE_NS_ASSERTIONS = NO;
				ENABLE_STRICT_OBJC_MSGSEND = YES;
				GCC_C_LANGUAGE_STANDARD = gnu99;
				GCC_NO_COMMON_BLOCKS = YES;
				GCC_WARN_64_TO_32_BIT_CONVERSION = YES;
				GCC_WARN_ABOUT_RETURN_TYPE = YES_ERROR;
				GCC_WARN_UNDECLARED_SELECTOR = YES;
				GCC_WARN_UNINITIALIZED_AUTOS = YES_AGGRESSIVE;
				GCC_WARN_UNUSED_FUNCTION = YES;
				GCC_WARN_UNUSED_VARIABLE = YES;
				IPHONEOS_DEPLOYMENT_TARGET = 10.3;
				MTL_ENABLE_DEBUG_INFO = NO;
				SDKROOT = iphoneos;
				SWIFT_OPTIMIZATION_LEVEL = "-Owholemodule";
				TARGETED_DEVICE_FAMILY = "1,2";
				VALIDATE_PRODUCT = YES;
			};
			name = Release;
		};
		3CC582341EC1A47500B5A176 /* Debug */ = {
			isa = XCBuildConfiguration;
			baseConfigurationReference = 646DA04B87D7C2AE1D411804 /* Pods-YueShiJia.debug.xcconfig */;
			buildSettings = {
				ASSETCATALOG_COMPILER_APPICON_NAME = AppIcon;
				DEVELOPMENT_TEAM = FN5RQSTW98;
				INFOPLIST_FILE = YueShiJia/Info.plist;
				IPHONEOS_DEPLOYMENT_TARGET = 9.0;
				LD_RUNPATH_SEARCH_PATHS = "$(inherited) @executable_path/Frameworks";
				PRODUCT_BUNDLE_IDENTIFIER = com.YueShiJia;
				PRODUCT_NAME = "$(TARGET_NAME)";
				SWIFT_INSTALL_OBJC_HEADER = YES;
				SWIFT_OBJC_BRIDGING_HEADER = "YueShiJia-Bridging-header.h";
				SWIFT_VERSION = 3.0;
				TARGETED_DEVICE_FAMILY = 1;
			};
			name = Debug;
		};
		3CC582351EC1A47500B5A176 /* Release */ = {
			isa = XCBuildConfiguration;
			baseConfigurationReference = 70BBA3E23ACE4BEB452CA09C /* Pods-YueShiJia.release.xcconfig */;
			buildSettings = {
				ASSETCATALOG_COMPILER_APPICON_NAME = AppIcon;
				DEVELOPMENT_TEAM = FN5RQSTW98;
				INFOPLIST_FILE = YueShiJia/Info.plist;
				IPHONEOS_DEPLOYMENT_TARGET = 9.0;
				LD_RUNPATH_SEARCH_PATHS = "$(inherited) @executable_path/Frameworks";
				PRODUCT_BUNDLE_IDENTIFIER = com.YueShiJia;
				PRODUCT_NAME = "$(TARGET_NAME)";
				SWIFT_INSTALL_OBJC_HEADER = YES;
				SWIFT_OBJC_BRIDGING_HEADER = "YueShiJia-Bridging-header.h";
				SWIFT_VERSION = 3.0;
				TARGETED_DEVICE_FAMILY = 1;
			};
			name = Release;
		};
		3CC582371EC1A47500B5A176 /* Debug */ = {
			isa = XCBuildConfiguration;
			baseConfigurationReference = 3DB780B930276CFFB39DEDAA /* Pods-YueShiJiaTests.debug.xcconfig */;
			buildSettings = {
				ALWAYS_EMBED_SWIFT_STANDARD_LIBRARIES = YES;
				BUNDLE_LOADER = "$(TEST_HOST)";
				INFOPLIST_FILE = YueShiJiaTests/Info.plist;
				LD_RUNPATH_SEARCH_PATHS = "$(inherited) @executable_path/Frameworks @loader_path/Frameworks";
				PRODUCT_BUNDLE_IDENTIFIER = com.YueShiJiaTests;
				PRODUCT_NAME = "$(TARGET_NAME)";
				SWIFT_VERSION = 3.0;
				TEST_HOST = "$(BUILT_PRODUCTS_DIR)/YueShiJia.app/YueShiJia";
			};
			name = Debug;
		};
		3CC582381EC1A47500B5A176 /* Release */ = {
			isa = XCBuildConfiguration;
			baseConfigurationReference = 5049084C3E1F5969640C8074 /* Pods-YueShiJiaTests.release.xcconfig */;
			buildSettings = {
				ALWAYS_EMBED_SWIFT_STANDARD_LIBRARIES = YES;
				BUNDLE_LOADER = "$(TEST_HOST)";
				INFOPLIST_FILE = YueShiJiaTests/Info.plist;
				LD_RUNPATH_SEARCH_PATHS = "$(inherited) @executable_path/Frameworks @loader_path/Frameworks";
				PRODUCT_BUNDLE_IDENTIFIER = com.YueShiJiaTests;
				PRODUCT_NAME = "$(TARGET_NAME)";
				SWIFT_VERSION = 3.0;
				TEST_HOST = "$(BUILT_PRODUCTS_DIR)/YueShiJia.app/YueShiJia";
			};
			name = Release;
		};
		3CC5823A1EC1A47500B5A176 /* Debug */ = {
			isa = XCBuildConfiguration;
			baseConfigurationReference = 0F3462DE2C1C845C9C09E524 /* Pods-YueShiJiaUITests.debug.xcconfig */;
			buildSettings = {
				ALWAYS_EMBED_SWIFT_STANDARD_LIBRARIES = YES;
				INFOPLIST_FILE = YueShiJiaUITests/Info.plist;
				LD_RUNPATH_SEARCH_PATHS = "$(inherited) @executable_path/Frameworks @loader_path/Frameworks";
				PRODUCT_BUNDLE_IDENTIFIER = com.YueShiJiaUITests;
				PRODUCT_NAME = "$(TARGET_NAME)";
				SWIFT_VERSION = 3.0;
				TEST_TARGET_NAME = YueShiJia;
			};
			name = Debug;
		};
		3CC5823B1EC1A47500B5A176 /* Release */ = {
			isa = XCBuildConfiguration;
			baseConfigurationReference = D98489E29B9478AAC809F0D5 /* Pods-YueShiJiaUITests.release.xcconfig */;
			buildSettings = {
				ALWAYS_EMBED_SWIFT_STANDARD_LIBRARIES = YES;
				INFOPLIST_FILE = YueShiJiaUITests/Info.plist;
				LD_RUNPATH_SEARCH_PATHS = "$(inherited) @executable_path/Frameworks @loader_path/Frameworks";
				PRODUCT_BUNDLE_IDENTIFIER = com.YueShiJiaUITests;
				PRODUCT_NAME = "$(TARGET_NAME)";
				SWIFT_VERSION = 3.0;
				TEST_TARGET_NAME = YueShiJia;
			};
			name = Release;
		};
/* End XCBuildConfiguration section */

/* Begin XCConfigurationList section */
		3CC582061EC1A47500B5A176 /* Build configuration list for PBXProject "YueShiJia" */ = {
			isa = XCConfigurationList;
			buildConfigurations = (
				3CC582311EC1A47500B5A176 /* Debug */,
				3CC582321EC1A47500B5A176 /* Release */,
			);
			defaultConfigurationIsVisible = 0;
			defaultConfigurationName = Release;
		};
		3CC582331EC1A47500B5A176 /* Build configuration list for PBXNativeTarget "YueShiJia" */ = {
			isa = XCConfigurationList;
			buildConfigurations = (
				3CC582341EC1A47500B5A176 /* Debug */,
				3CC582351EC1A47500B5A176 /* Release */,
			);
			defaultConfigurationIsVisible = 0;
			defaultConfigurationName = Release;
		};
		3CC582361EC1A47500B5A176 /* Build configuration list for PBXNativeTarget "YueShiJiaTests" */ = {
			isa = XCConfigurationList;
			buildConfigurations = (
				3CC582371EC1A47500B5A176 /* Debug */,
				3CC582381EC1A47500B5A176 /* Release */,
			);
			defaultConfigurationIsVisible = 0;
			defaultConfigurationName = Release;
		};
		3CC582391EC1A47500B5A176 /* Build configuration list for PBXNativeTarget "YueShiJiaUITests" */ = {
			isa = XCConfigurationList;
			buildConfigurations = (
				3CC5823A1EC1A47500B5A176 /* Debug */,
				3CC5823B1EC1A47500B5A176 /* Release */,
			);
			defaultConfigurationIsVisible = 0;
			defaultConfigurationName = Release;
		};
/* End XCConfigurationList section */
	};
	rootObject = 3CC582031EC1A47500B5A176 /* Project object */;
}
